
Microsoft Visual Studio Solution File, Format Version 12.00
# Visual Studio 15
VisualStudioVersion = 15.0.26124.0
MinimumVisualStudioVersion = 15.0.26124.0
Project("{F2A71F9B-5D33-465A-A702-920D77279786}") = "FizzBuzz", "FizzBuzz\FizzBuzz.fsproj", "{C64F3370-DE54-4D58-BDD4-33C4B02F7290}"
EndProject
Project("{F2A71F9B-5D33-465A-A702-920D77279786}") = "FizzBuzz.Tests", "FizzBuzz.Tests\FizzBuzz.Tests.fsproj", "{4AA6DACD-EA0E-4938-BB41-7B055A9A0C8C}"
EndProject
Global
	GlobalSection(SolutionConfigurationPlatforms) = preSolution
		Debug|Any CPU = Debug|Any CPU
		Debug|x64 = Debug|x64
		Debug|x86 = Debug|x86
		Release|Any CPU = Release|Any CPU
		Release|x64 = Release|x64
		Release|x86 = Release|x86
	EndGlobalSection
	GlobalSection(SolutionProperties) = preSolution
		HideSolutionNode = FALSE
	EndGlobalSection
	GlobalSection(ProjectConfigurationPlatforms) = postSolution
		{C64F3370-DE54-4D58-BDD4-33C4B02F7290}.Debug|Any CPU.ActiveCfg = Debug|Any CPU
		{C64F3370-DE54-4D58-BDD4-33C4B02F7290}.Debug|Any CPU.Build.0 = Debug|Any CPU
		{C64F3370-DE54-4D58-BDD4-33C4B02F7290}.Debug|x64.ActiveCfg = Debug|x64
		{C64F3370-DE54-4D58-BDD4-33C4B02F7290}.Debug|x64.Build.0 = Debug|x64
		{C64F3370-DE54-4D58-BDD4-33C4B02F7290}.Debug|x86.ActiveCfg = Debug|x86
		{C64F3370-DE54-4D58-BDD4-33C4B02F7290}.Debug|x86.Build.0 = Debug|x86
		{C64F3370-DE54-4D58-BDD4-33C4B02F7290}.Release|Any CPU.ActiveCfg = Release|Any CPU
		{C64F3370-DE54-4D58-BDD4-33C4B02F7290}.Release|Any CPU.Build.0 = Release|Any CPU
		{C64F3370-DE54-4D58-BDD4-33C4B02F7290}.Release|x64.ActiveCfg = Release|x64
		{C64F3370-DE54-4D58-BDD4-33C4B02F7290}.Release|x64.Build.0 = Release|x64
		{C64F3370-DE54-4D58-BDD4-33C4B02F7290}.Release|x86.ActiveCfg = Release|x86
		{C64F3370-DE54-4D58-BDD4-33C4B02F7290}.Release|x86.Build.0 = Release|x86
		{4AA6DACD-EA0E-4938-BB41-7B055A9A0C8C}.Debug|Any CPU.ActiveCfg = Debug|Any CPU
		{4AA6DACD-EA0E-4938-BB41-7B055A9A0C8C}.Debug|Any CPU.Build.0 = Debug|Any CPU
		{4AA6DACD-EA0E-4938-BB41-7B055A9A0C8C}.Debug|x64.ActiveCfg = Debug|x64
		{4AA6DACD-EA0E-4938-BB41-7B055A9A0C8C}.Debug|x64.Build.0 = Debug|x64
		{4AA6DACD-EA0E-4938-BB41-7B055A9A0C8C}.Debug|x86.ActiveCfg = Debug|x86
		{4AA6DACD-EA0E-4938-BB41-7B055A9A0C8C}.Debug|x86.Build.0 = Debug|x86
		{4AA6DACD-EA0E-4938-BB41-7B055A9A0C8C}.Release|Any CPU.ActiveCfg = Release|Any CPU
		{4AA6DACD-EA0E-4938-BB41-7B055A9A0C8C}.Release|Any CPU.Build.0 = Release|Any CPU
		{4AA6DACD-EA0E-4938-BB41-7B055A9A0C8C}.Release|x64.ActiveCfg = Release|x64
		{4AA6DACD-EA0E-4938-BB41-7B055A9A0C8C}.Release|x64.Build.0 = Release|x64
		{4AA6DACD-EA0E-4938-BB41-7B055A9A0C8C}.Release|x86.ActiveCfg = Release|x86
		{4AA6DACD-EA0E-4938-BB41-7B055A9A0C8C}.Release|x86.Build.0 = Release|x86
	EndGlobalSection
EndGlobal
